
Microsoft Visual Studio Solution File, Format Version 12.00
# Visual Studio Version 17
VisualStudioVersion = 17.8.34330.188
MinimumVisualStudioVersion = 10.0.40219.1
Project("{FAE04EC0-301F-11D3-BF4B-00C04F79EFBC}") = "ApiCities", "ApiCities\ApiCities.csproj", "{260AE750-BFD5-48EE-9235-FD3BF01EB348}"
EndProject
Global
	GlobalSection(SolutionConfigurationPlatforms) = preSolution
		Debug|Any CPU = Debug|Any CPU
		Release|Any CPU = Release|Any CPU
	EndGlobalSection
	GlobalSection(ProjectConfigurationPlatforms) = postSolution
		{260AE750-BFD5-48EE-9235-FD3BF01EB348}.Debug|Any CPU.ActiveCfg = Debug|Any CPU
		{260AE750-BFD5-48EE-9235-FD3BF01EB348}.Debug|Any CPU.Build.0 = Debug|Any CPU
		{260AE750-BFD5-48EE-9235-FD3BF01EB348}.Release|Any CPU.ActiveCfg = Release|Any CPU
		{260AE750-BFD5-48EE-9235-FD3BF01EB348}.Release|Any CPU.Build.0 = Release|Any CPU
	EndGlobalSection
	GlobalSection(SolutionProperties) = preSolution
		HideSolutionNode = FALSE
	EndGlobalSection
	GlobalSection(ExtensibilityGlobals) = postSolution
		SolutionGuid = {B9AA5742-396B-4B20-8E82-69C4869B9648}
	EndGlobalSection
EndGlobal
